
Microsoft Visual Studio Solution File, Format Version 12.00
# Visual Studio 15
VisualStudioVersion = 15.0.26403.7
MinimumVisualStudioVersion = 10.0.40219.1
Project("{FAE04EC0-301F-11D3-BF4B-00C04F79EFBC}") = "McKinstry.Data.Models.Viewpoint", "McKinstry.Data.Models.Viewpoint\McKinstry.Data.Models.Viewpoint.csproj", "{2B5E4734-E295-4C4A-AEC1-003626778576}"
EndProject
Project("{FAE04EC0-301F-11D3-BF4B-00C04F79EFBC}") = "McKinstry.VSTO.ETC", "McKinstry.VSTO.ETC\McKinstry.VSTO.ETC.csproj", "{DDC82898-F8A4-4E2B-96F2-81CF8FC00820}"
	ProjectSection(ProjectDependencies) = postProject
		{B482CC5F-3A1E-443E-88D2-00DF994BC0D4} = {B482CC5F-3A1E-443E-88D2-00DF994BC0D4}
		{5786FD60-57A9-482A-B83C-04D5FF84146B} = {5786FD60-57A9-482A-B83C-04D5FF84146B}
		{0A55DC97-D57A-4943-B5EA-D1CA1AA18661} = {0A55DC97-D57A-4943-B5EA-D1CA1AA18661}
	EndProjectSection
EndProject
Project("{FAE04EC0-301F-11D3-BF4B-00C04F79EFBC}") = "McKinstry.VSTO", "McKinstry.VSTO\McKinstry.VSTO.csproj", "{5786FD60-57A9-482A-B83C-04D5FF84146B}"
EndProject
Project("{FAE04EC0-301F-11D3-BF4B-00C04F79EFBC}") = "McKinstry.Data.Viewpoint", "McKinstry.Data.Viewpoint\McKinstry.Data.Viewpoint.csproj", "{B482CC5F-3A1E-443E-88D2-00DF994BC0D4}"
	ProjectSection(ProjectDependencies) = postProject
		{2B5E4734-E295-4C4A-AEC1-003626778576} = {2B5E4734-E295-4C4A-AEC1-003626778576}
	EndProjectSection
EndProject
Project("{FAE04EC0-301F-11D3-BF4B-00C04F79EFBC}") = "McKinstry.API", "McKinstry.API\McKinstry.API.csproj", "{0A55DC97-D57A-4943-B5EA-D1CA1AA18661}"
EndProject
Project("{00D1A9C2-B5F0-4AF3-8072-F6C62B433612}") = "McKinstry.VSTO.ETC.SQL", "McKinstry.VSTO.ETC.SQL\McKinstry.VSTO.ETC.SQL.sqlproj", "{C055BA46-B077-44F4-8F79-FA31F456689D}"
EndProject
Project("{2150E333-8FDC-42A3-9474-1A3956D46DE8}") = "Retired projects", "Retired projects", "{00919774-0A09-46F3-AF62-125437337A53}"
EndProject
Global
	GlobalSection(Performance) = preSolution
		HasPerformanceSessions = true
	EndGlobalSection
	GlobalSection(SolutionConfigurationPlatforms) = preSolution
		Debug|Any CPU = Debug|Any CPU
		Release|Any CPU = Release|Any CPU
	EndGlobalSection
	GlobalSection(ProjectConfigurationPlatforms) = postSolution
		{2B5E4734-E295-4C4A-AEC1-003626778576}.Debug|Any CPU.ActiveCfg = Debug|Any CPU
		{2B5E4734-E295-4C4A-AEC1-003626778576}.Debug|Any CPU.Build.0 = Debug|Any CPU
		{2B5E4734-E295-4C4A-AEC1-003626778576}.Release|Any CPU.ActiveCfg = Release|Any CPU
		{2B5E4734-E295-4C4A-AEC1-003626778576}.Release|Any CPU.Build.0 = Release|Any CPU
		{DDC82898-F8A4-4E2B-96F2-81CF8FC00820}.Debug|Any CPU.ActiveCfg = Debug|Any CPU
		{DDC82898-F8A4-4E2B-96F2-81CF8FC00820}.Debug|Any CPU.Build.0 = Debug|Any CPU
		{DDC82898-F8A4-4E2B-96F2-81CF8FC00820}.Release|Any CPU.ActiveCfg = Release|Any CPU
		{DDC82898-F8A4-4E2B-96F2-81CF8FC00820}.Release|Any CPU.Build.0 = Release|Any CPU
		{5786FD60-57A9-482A-B83C-04D5FF84146B}.Debug|Any CPU.ActiveCfg = Debug|Any CPU
		{5786FD60-57A9-482A-B83C-04D5FF84146B}.Debug|Any CPU.Build.0 = Debug|Any CPU
		{5786FD60-57A9-482A-B83C-04D5FF84146B}.Release|Any CPU.ActiveCfg = Release|Any CPU
		{5786FD60-57A9-482A-B83C-04D5FF84146B}.Release|Any CPU.Build.0 = Release|Any CPU
		{B482CC5F-3A1E-443E-88D2-00DF994BC0D4}.Debug|Any CPU.ActiveCfg = Debug|Any CPU
		{B482CC5F-3A1E-443E-88D2-00DF994BC0D4}.Debug|Any CPU.Build.0 = Debug|Any CPU
		{B482CC5F-3A1E-443E-88D2-00DF994BC0D4}.Release|Any CPU.ActiveCfg = Release|Any CPU
		{B482CC5F-3A1E-443E-88D2-00DF994BC0D4}.Release|Any CPU.Build.0 = Release|Any CPU
		{0A55DC97-D57A-4943-B5EA-D1CA1AA18661}.Debug|Any CPU.ActiveCfg = Debug|Any CPU
		{0A55DC97-D57A-4943-B5EA-D1CA1AA18661}.Debug|Any CPU.Build.0 = Debug|Any CPU
		{0A55DC97-D57A-4943-B5EA-D1CA1AA18661}.Release|Any CPU.ActiveCfg = Release|Any CPU
		{0A55DC97-D57A-4943-B5EA-D1CA1AA18661}.Release|Any CPU.Build.0 = Release|Any CPU
		{C055BA46-B077-44F4-8F79-FA31F456689D}.Debug|Any CPU.ActiveCfg = Debug|Any CPU
		{C055BA46-B077-44F4-8F79-FA31F456689D}.Release|Any CPU.ActiveCfg = Release|Any CPU
	EndGlobalSection
	GlobalSection(SolutionProperties) = preSolution
		HideSolutionNode = FALSE
	EndGlobalSection
	GlobalSection(NestedProjects) = preSolution
		{5786FD60-57A9-482A-B83C-04D5FF84146B} = {00919774-0A09-46F3-AF62-125437337A53}
		{0A55DC97-D57A-4943-B5EA-D1CA1AA18661} = {00919774-0A09-46F3-AF62-125437337A53}
	EndGlobalSection
	GlobalSection(TeamFoundationVersionControl) = preSolution
		SccNumberOfProjects = 7
		SccEnterpriseProvider = {4CA58AB2-18FA-4F8D-95D4-32DDF27D184C}
		SccTeamFoundationServer = http://tfs.mckinstry.com:8080/tfs/mckinstry%20team
		SccLocalPath0 = .
		SccProjectUniqueName1 = McKinstry.API\\McKinstry.API.csproj
		SccProjectTopLevelParentUniqueName1 = McKinstry.VSTO.ETC.sln
		SccProjectName1 = McKinstry.API
		SccLocalPath1 = McKinstry.API
		SccProjectUniqueName2 = McKinstry.Data.Models.Viewpoint\\McKinstry.Data.Models.Viewpoint.csproj
		SccProjectName2 = McKinstry.Data.Models.Viewpoint
		SccLocalPath2 = McKinstry.Data.Models.Viewpoint
		SccProjectUniqueName3 = McKinstry.Data.Viewpoint\\McKinstry.Data.Viewpoint.csproj
		SccProjectName3 = McKinstry.Data.Viewpoint
		SccLocalPath3 = McKinstry.Data.Viewpoint
		SccProjectUniqueName4 = McKinstry.VSTO.ETC\\McKinstry.VSTO.ETC.csproj
		SccProjectName4 = McKinstry.VSTO.ETC
		SccLocalPath4 = McKinstry.VSTO.ETC
		SccProjectUniqueName5 = McKinstry.VSTO\\McKinstry.VSTO.csproj
		SccProjectTopLevelParentUniqueName5 = McKinstry.VSTO.ETC.sln
		SccProjectName5 = McKinstry.VSTO
		SccLocalPath5 = McKinstry.VSTO
		SccProjectUniqueName6 = McKinstry.VSTO.ETC.SQL\\McKinstry.VSTO.ETC.SQL.sqlproj
		SccProjectName6 = McKinstry.VSTO.ETC.SQL
		SccLocalPath6 = McKinstry.VSTO.ETC.SQL
	EndGlobalSection
	GlobalSection(Performance) = preSolution
		HasPerformanceSessions = true
	EndGlobalSection
	GlobalSection(Performance) = preSolution
		HasPerformanceSessions = true
	EndGlobalSection
	GlobalSection(Performance) = preSolution
		HasPerformanceSessions = true
	EndGlobalSection
	GlobalSection(Performance) = preSolution
		HasPerformanceSessions = true
	EndGlobalSection
	GlobalSection(Performance) = preSolution
		HasPerformanceSessions = true
	EndGlobalSection
EndGlobal
