
Microsoft Visual Studio Solution File, Format Version 12.00
# Visual Studio 2013
VisualStudioVersion = 12.0.31101.0
MinimumVisualStudioVersion = 10.0.40219.1
Project("{FAE04EC0-301F-11D3-BF4B-00C04F79EFBC}") = "McKinstry.ExpenseUploader", "McKinstry.ExpenseUploader\McKinstry.ExpenseUploader.csproj", "{893EEAE2-40C6-4AC9-B9F2-5A845EC6A760}"
EndProject
Project("{FAE04EC0-301F-11D3-BF4B-00C04F79EFBC}") = "McKinstry.VPIntegration", "McKinstry.VPIntegration\McKinstry.VPIntegration.csproj", "{C576FE46-EDCC-4348-AF47-7595F0A663AB}"
EndProject
Project("{FAE04EC0-301F-11D3-BF4B-00C04F79EFBC}") = "McKinstry.ExpenseWire", "McKinstry.ExpenseWire\McKinstry.ExpenseWire.csproj", "{C39DE9FB-44CA-40AB-A493-9F90EFBAA1B2}"
EndProject
Global
	GlobalSection(SolutionConfigurationPlatforms) = preSolution
		Debug|Any CPU = Debug|Any CPU
		Debug|Mixed Platforms = Debug|Mixed Platforms
		Debug|x86 = Debug|x86
		Release|Any CPU = Release|Any CPU
		Release|Mixed Platforms = Release|Mixed Platforms
		Release|x86 = Release|x86
	EndGlobalSection
	GlobalSection(ProjectConfigurationPlatforms) = postSolution
		{893EEAE2-40C6-4AC9-B9F2-5A845EC6A760}.Debug|Any CPU.ActiveCfg = Debug|x86
		{893EEAE2-40C6-4AC9-B9F2-5A845EC6A760}.Debug|Mixed Platforms.ActiveCfg = Debug|x86
		{893EEAE2-40C6-4AC9-B9F2-5A845EC6A760}.Debug|Mixed Platforms.Build.0 = Debug|x86
		{893EEAE2-40C6-4AC9-B9F2-5A845EC6A760}.Debug|x86.ActiveCfg = Debug|x86
		{893EEAE2-40C6-4AC9-B9F2-5A845EC6A760}.Debug|x86.Build.0 = Debug|x86
		{893EEAE2-40C6-4AC9-B9F2-5A845EC6A760}.Release|Any CPU.ActiveCfg = Release|x86
		{893EEAE2-40C6-4AC9-B9F2-5A845EC6A760}.Release|Mixed Platforms.ActiveCfg = Release|x86
		{893EEAE2-40C6-4AC9-B9F2-5A845EC6A760}.Release|Mixed Platforms.Build.0 = Release|x86
		{893EEAE2-40C6-4AC9-B9F2-5A845EC6A760}.Release|x86.ActiveCfg = Release|x86
		{893EEAE2-40C6-4AC9-B9F2-5A845EC6A760}.Release|x86.Build.0 = Release|x86
		{C576FE46-EDCC-4348-AF47-7595F0A663AB}.Debug|Any CPU.ActiveCfg = Debug|Any CPU
		{C576FE46-EDCC-4348-AF47-7595F0A663AB}.Debug|Any CPU.Build.0 = Debug|Any CPU
		{C576FE46-EDCC-4348-AF47-7595F0A663AB}.Debug|Mixed Platforms.ActiveCfg = Debug|Any CPU
		{C576FE46-EDCC-4348-AF47-7595F0A663AB}.Debug|Mixed Platforms.Build.0 = Debug|Any CPU
		{C576FE46-EDCC-4348-AF47-7595F0A663AB}.Debug|x86.ActiveCfg = Debug|Any CPU
		{C576FE46-EDCC-4348-AF47-7595F0A663AB}.Release|Any CPU.ActiveCfg = Release|Any CPU
		{C576FE46-EDCC-4348-AF47-7595F0A663AB}.Release|Any CPU.Build.0 = Release|Any CPU
		{C576FE46-EDCC-4348-AF47-7595F0A663AB}.Release|Mixed Platforms.ActiveCfg = Release|Any CPU
		{C576FE46-EDCC-4348-AF47-7595F0A663AB}.Release|Mixed Platforms.Build.0 = Release|Any CPU
		{C576FE46-EDCC-4348-AF47-7595F0A663AB}.Release|x86.ActiveCfg = Release|Any CPU
		{C39DE9FB-44CA-40AB-A493-9F90EFBAA1B2}.Debug|Any CPU.ActiveCfg = Debug|Any CPU
		{C39DE9FB-44CA-40AB-A493-9F90EFBAA1B2}.Debug|Any CPU.Build.0 = Debug|Any CPU
		{C39DE9FB-44CA-40AB-A493-9F90EFBAA1B2}.Debug|Mixed Platforms.ActiveCfg = Debug|Any CPU
		{C39DE9FB-44CA-40AB-A493-9F90EFBAA1B2}.Debug|Mixed Platforms.Build.0 = Debug|Any CPU
		{C39DE9FB-44CA-40AB-A493-9F90EFBAA1B2}.Debug|x86.ActiveCfg = Debug|Any CPU
		{C39DE9FB-44CA-40AB-A493-9F90EFBAA1B2}.Release|Any CPU.ActiveCfg = Release|Any CPU
		{C39DE9FB-44CA-40AB-A493-9F90EFBAA1B2}.Release|Any CPU.Build.0 = Release|Any CPU
		{C39DE9FB-44CA-40AB-A493-9F90EFBAA1B2}.Release|Mixed Platforms.ActiveCfg = Release|Any CPU
		{C39DE9FB-44CA-40AB-A493-9F90EFBAA1B2}.Release|Mixed Platforms.Build.0 = Release|Any CPU
		{C39DE9FB-44CA-40AB-A493-9F90EFBAA1B2}.Release|x86.ActiveCfg = Release|Any CPU
	EndGlobalSection
	GlobalSection(SolutionProperties) = preSolution
		HideSolutionNode = FALSE
	EndGlobalSection
EndGlobal
