Microsoft Visual Studio Solution File, Format Version 11.00
# Visual Studio 2010

Project("{FAE04EC0-301F-11D3-BF4B-00C04F79EFBC}") = "POViewer", "POViewer.csproj", "{9177F816-A676-4AE6-82DB-3DF2DE35DB3E}"
EndProject
Project("{FAE04EC0-301F-11D3-BF4B-00C04F79EFBC}") = "POViewer.Data", "Data Access Layer\POViewer.Data.csproj", "{8670F4E3-7D05-43D9-BC04-1520D6406D3F}"
EndProject
Project("{FAE04EC0-301F-11D3-BF4B-00C04F79EFBC}") = "POViewer.Business", "Business Layer\POViewer.Business.csproj", "{AA492C6D-B4BC-417E-8657-B15786600996}"
EndProject
Global
	GlobalSection(SolutionConfigurationPlatforms) = preSolution
		Debug|Any CPU = Debug|Any CPU
		Release|Any CPU = Release|Any CPU
	EndGlobalSection
	GlobalSection(ProjectConfigurationPlatforms) = postSolution
		{9177F816-A676-4AE6-82DB-3DF2DE35DB3E}.Debug|Any CPU.ActiveCfg = Debug|Any CPU
		{9177F816-A676-4AE6-82DB-3DF2DE35DB3E}.Debug|Any CPU.Build.0 = Debug|Any CPU
		{9177F816-A676-4AE6-82DB-3DF2DE35DB3E}.Release|Any CPU.ActiveCfg = Release|Any CPU
		{9177F816-A676-4AE6-82DB-3DF2DE35DB3E}.Release|Any CPU.Build.0 = Release|Any CPU
		{8670F4E3-7D05-43D9-BC04-1520D6406D3F}.Debug|Any CPU.ActiveCfg = Debug|Any CPU
		{8670F4E3-7D05-43D9-BC04-1520D6406D3F}.Debug|Any CPU.Build.0 = Debug|Any CPU
		{8670F4E3-7D05-43D9-BC04-1520D6406D3F}.Release|Any CPU.ActiveCfg = Release|Any CPU
		{8670F4E3-7D05-43D9-BC04-1520D6406D3F}.Release|Any CPU.Build.0 = Release|Any CPU
		{AA492C6D-B4BC-417E-8657-B15786600996}.Debug|Any CPU.ActiveCfg = Debug|Any CPU
		{AA492C6D-B4BC-417E-8657-B15786600996}.Debug|Any CPU.Build.0 = Debug|Any CPU
		{AA492C6D-B4BC-417E-8657-B15786600996}.Release|Any CPU.ActiveCfg = Release|Any CPU
		{AA492C6D-B4BC-417E-8657-B15786600996}.Release|Any CPU.Build.0 = Release|Any CPU
	EndGlobalSection
	GlobalSection(SolutionProperties) = preSolution
		HideSolutionNode = FALSE
	EndGlobalSection
EndGlobal
