
Microsoft Visual Studio Solution File, Format Version 12.00
# Visual Studio 2012
Project("{F184B08F-C81C-45F6-A57F-5ABD9991F28F}") = "AsteaTransferService", "AsteaTransferService\AsteaTransferService.vbproj", "{07945481-A34E-4B5A-BA93-FB1206736B64}"
EndProject
Global
	GlobalSection(TeamFoundationVersionControl) = preSolution
		SccNumberOfProjects = 2
		SccEnterpriseProvider = {4CA58AB2-18FA-4F8D-95D4-32DDF27D184C}
		SccTeamFoundationServer = http://setfs01.mckinstry.com:8080/tfs/mckinstry%20team
		SccLocalPath0 = .
		SccProjectUniqueName1 = AsteaTransferService\\AsteaTransferService.vbproj
		SccProjectName1 = AsteaTransferService
		SccLocalPath1 = AsteaTransferService
	EndGlobalSection
	GlobalSection(SolutionConfigurationPlatforms) = preSolution
		Debug|Any CPU = Debug|Any CPU
		Release|Any CPU = Release|Any CPU
	EndGlobalSection
	GlobalSection(ProjectConfigurationPlatforms) = postSolution
		{07945481-A34E-4B5A-BA93-FB1206736B64}.Debug|Any CPU.ActiveCfg = Debug|Any CPU
		{07945481-A34E-4B5A-BA93-FB1206736B64}.Debug|Any CPU.Build.0 = Debug|Any CPU
		{07945481-A34E-4B5A-BA93-FB1206736B64}.Release|Any CPU.ActiveCfg = Release|Any CPU
		{07945481-A34E-4B5A-BA93-FB1206736B64}.Release|Any CPU.Build.0 = Release|Any CPU
	EndGlobalSection
	GlobalSection(SolutionProperties) = preSolution
		HideSolutionNode = FALSE
	EndGlobalSection
EndGlobal
