
Microsoft Visual Studio Solution File, Format Version 12.00
# Visual Studio 2012
Project("{F14B399A-7131-4C87-9E4B-1186C45EF12D}") = "ShopProductivity", "ShopProductivity\ShopProductivity.rptproj", "{A78173F1-65A2-4AB6-8351-3ADB14ACF174}"
EndProject
Global
	GlobalSection(TeamFoundationVersionControl) = preSolution
		SccNumberOfProjects = 2
		SccEnterpriseProvider = {4CA58AB2-18FA-4F8D-95D4-32DDF27D184C}
		SccTeamFoundationServer = http://setfs01:8080/tfs/mckinstry%20team
		SccLocalPath0 = .
		SccProjectUniqueName1 = ShopProductivity\\ShopProductivity.rptproj
		SccProjectName1 = ShopProductivity
		SccLocalPath1 = ShopProductivity
	EndGlobalSection
	GlobalSection(SolutionConfigurationPlatforms) = preSolution
		Debug|Default = Debug|Default
		DebugLocal|Default = DebugLocal|Default
		Release|Default = Release|Default
	EndGlobalSection
	GlobalSection(ProjectConfigurationPlatforms) = postSolution
		{A78173F1-65A2-4AB6-8351-3ADB14ACF174}.Debug|Default.ActiveCfg = Debug
		{A78173F1-65A2-4AB6-8351-3ADB14ACF174}.Debug|Default.Build.0 = Debug
		{A78173F1-65A2-4AB6-8351-3ADB14ACF174}.Debug|Default.Deploy.0 = Debug
		{A78173F1-65A2-4AB6-8351-3ADB14ACF174}.DebugLocal|Default.ActiveCfg = DebugLocal
		{A78173F1-65A2-4AB6-8351-3ADB14ACF174}.DebugLocal|Default.Build.0 = DebugLocal
		{A78173F1-65A2-4AB6-8351-3ADB14ACF174}.Release|Default.ActiveCfg = Release
		{A78173F1-65A2-4AB6-8351-3ADB14ACF174}.Release|Default.Build.0 = Release
		{A78173F1-65A2-4AB6-8351-3ADB14ACF174}.Release|Default.Deploy.0 = Release
	EndGlobalSection
	GlobalSection(SolutionProperties) = preSolution
		HideSolutionNode = FALSE
	EndGlobalSection
EndGlobal
