
Microsoft Visual Studio Solution File, Format Version 12.00
# Visual Studio 15
VisualStudioVersion = 15.0.28307.271
MinimumVisualStudioVersion = 10.0.40219.1
Project("{159641D6-6404-4A2A-AE62-294DE0FE8301}") = "WellsFargo", "WellsFargo\WellsFargo.dtproj", "{E20DFB28-1E0E-4B67-96C6-23F86FE44C02}"
EndProject
Global
	GlobalSection(SolutionConfigurationPlatforms) = preSolution
		Development|Default = Development|Default
	EndGlobalSection
	GlobalSection(ProjectConfigurationPlatforms) = postSolution
		{E20DFB28-1E0E-4B67-96C6-23F86FE44C02}.Development|Default.ActiveCfg = Development
		{E20DFB28-1E0E-4B67-96C6-23F86FE44C02}.Development|Default.Build.0 = Development
	EndGlobalSection
	GlobalSection(SolutionProperties) = preSolution
		HideSolutionNode = FALSE
	EndGlobalSection
	GlobalSection(ExtensibilityGlobals) = postSolution
		SolutionGuid = {417305BB-372A-4E15-8F2D-CF901D34BBC5}
	EndGlobalSection
	GlobalSection(TeamFoundationVersionControl) = preSolution
		SccNumberOfProjects = 2
		SccEnterpriseProvider = {4CA58AB2-18FA-4F8D-95D4-32DDF27D184C}
		SccTeamFoundationServer = http://tfs.mckinstry.com:8080/tfs/mckinstry%20team
		SccLocalPath0 = .
		SccProjectUniqueName1 = WellsFargo\\WellsFargo.dtproj
		SccProjectName1 = WellsFargo
		SccLocalPath1 = WellsFargo
	EndGlobalSection
EndGlobal
