
Microsoft Visual Studio Solution File, Format Version 12.00
# Visual Studio 15
VisualStudioVersion = 15.0.28307.271
MinimumVisualStudioVersion = 10.0.40219.1
Project("{159641D6-6404-4A2A-AE62-294DE0FE8301}") = "PacificTime", "..\PacificTime\PacificTime\PacificTime.dtproj", "{E5761672-8A88-4170-B3A5-EAB3930BCFE2}"
EndProject
Global
	GlobalSection(SolutionConfigurationPlatforms) = preSolution
		Development|Default = Development|Default
	EndGlobalSection
	GlobalSection(ProjectConfigurationPlatforms) = postSolution
		{E5761672-8A88-4170-B3A5-EAB3930BCFE2}.Development|Default.ActiveCfg = Development
		{E5761672-8A88-4170-B3A5-EAB3930BCFE2}.Development|Default.Build.0 = Development
	EndGlobalSection
	GlobalSection(SolutionProperties) = preSolution
		HideSolutionNode = FALSE
	EndGlobalSection
	GlobalSection(ExtensibilityGlobals) = postSolution
		SolutionGuid = {739FCE31-32F6-4AA4-AC90-F82E055D3FCA}
	EndGlobalSection
	GlobalSection(TeamFoundationVersionControl) = preSolution
		SccNumberOfProjects = 2
		SccEnterpriseProvider = {4CA58AB2-18FA-4F8D-95D4-32DDF27D184C}
		SccTeamFoundationServer = http://setfs01:8080/tfs/mckinstry%20team
		SccLocalPath0 = .
		SccProjectUniqueName1 = ..\\PacificTime\\PacificTime\\PacificTime.dtproj
		SccProjectName1 = ../PacificTime/PacificTime
		SccLocalPath1 = ..\\PacificTime\\PacificTime
	EndGlobalSection
EndGlobal
